
Microsoft Visual Studio Solution File, Format Version 12.00
# Visual Studio 2013
VisualStudioVersion = 12.0.21005.1
MinimumVisualStudioVersion = 10.0.40219.1
Project("{8BC9CEB8-8B4A-11D0-8D11-00A0C91BC942}") = "BasePlatform", "project\BasePlatform\BasePlatform.vcxproj", "{31519246-B270-4510-9FCF-BDA83C01C2BA}"
EndProject
Project("{8BC9CEB8-8B4A-11D0-8D11-00A0C91BC942}") = "LibeventTcpServer", "libdevelop\LibeventTcpServer\LibeventTcpServer.vcxproj", "{5E23109E-B979-4386-997A-1D0C797F6028}"
EndProject
Project("{8BC9CEB8-8B4A-11D0-8D11-00A0C91BC942}") = "TestApp", "project\TestApp\TestApp.vcxproj", "{6B987046-5870-40EA-8B2B-C263889ECE14}"
EndProject
Project("{2150E333-8FDC-42A3-9474-1A3956D46DE8}") = "test", "test", "{9F814A90-12B5-416A-843A-29EEC691333E}"
EndProject
Project("{8BC9CEB8-8B4A-11D0-8D11-00A0C91BC942}") = "ASIO_Client", "project\ASIO_Client\ASIO_Client.vcxproj", "{75BDDCEA-B0E1-4A7C-AC0E-748911E15D88}"
EndProject
Project("{8BC9CEB8-8B4A-11D0-8D11-00A0C91BC942}") = "ASIO_Server", "project\ASIO_Server\ASIO_Server.vcxproj", "{FEBC9FCB-607D-496B-8C69-95D49A1224C0}"
EndProject
Project("{8BC9CEB8-8B4A-11D0-8D11-00A0C91BC942}") = "Person_", "project\Person_\Person_.vcxproj", "{0BD181D0-87CC-4FF1-A143-E0A11E0A2B58}"
EndProject
Project("{8BC9CEB8-8B4A-11D0-8D11-00A0C91BC942}") = "AsioTcpServer", "libdevelop\AsioTcpServer\AsioTcpServer.vcxproj", "{A369C9E2-DF53-467B-93D9-35A7548DC1A9}"
EndProject
Project("{8BC9CEB8-8B4A-11D0-8D11-00A0C91BC942}") = "s_dbaccess", "libdevelop\s_dbaccess\s_dbaccess.vcxproj", "{865FA618-6C51-4117-AFD5-BF731110698F}"
EndProject
Project("{8BC9CEB8-8B4A-11D0-8D11-00A0C91BC942}") = "fndcms", "libdevelop\fndcms\fndcms.vcxproj", "{11C0A099-554D-4070-A1E5-A2B4B09E1397}"
EndProject
Project("{8BC9CEB8-8B4A-11D0-8D11-00A0C91BC942}") = "fndnet", "libdevelop\fndnet\fndnet.vcxproj", "{AAFE5A50-31BE-4353-97D2-706F797B62A1}"
EndProject
Project("{8BC9CEB8-8B4A-11D0-8D11-00A0C91BC942}") = "fndmd", "libdevelop\fndmd\fndmd.vcxproj", "{C98DF7B8-C484-4B95-AAC1-1B8B3B954D52}"
EndProject
Project("{8BC9CEB8-8B4A-11D0-8D11-00A0C91BC942}") = "LoginWiget", "project\LoginWiget\LoginWiget.vcxproj", "{5E1CC169-9F4E-457F-AC55-226DC4F63F3F}"
EndProject
Project("{8BC9CEB8-8B4A-11D0-8D11-00A0C91BC942}") = "cmsProducer", "project\cmsProducer\cmsProducer.vcxproj", "{F78C99DC-BD06-4416-BFB6-5044194E59EA}"
EndProject
Project("{8BC9CEB8-8B4A-11D0-8D11-00A0C91BC942}") = "muduo", "libdevelop\muduolearn\muduo.vcxproj", "{BD03E589-1CE7-4F59-99AE-F6676A4D4BD6}"
EndProject
Project("{8BC9CEB8-8B4A-11D0-8D11-00A0C91BC942}") = "cmsAsyncConsumer", "project\cmsAsyncConsumer\cmsAsyncConsumer.vcxproj", "{1C972BAA-673A-401A-8581-A8EFA697DE65}"
EndProject
Project("{8BC9CEB8-8B4A-11D0-8D11-00A0C91BC942}") = "base", "libdevelop\base\base.vcxproj", "{0BD04725-9151-4F07-87ED-11958F2D7DB4}"
EndProject
Project("{8BC9CEB8-8B4A-11D0-8D11-00A0C91BC942}") = "database", "libdevelop\database\database.vcxproj", "{AAFD21FC-DB8D-4466-BAFB-B7F601AB907F}"
EndProject
Project("{8BC9CEB8-8B4A-11D0-8D11-00A0C91BC942}") = "utility", "libdevelop\utility\utility.vcxproj", "{32A2380C-DAE2-4355-8951-7B2225CD5C04}"
EndProject
Project("{8BC9CEB8-8B4A-11D0-8D11-00A0C91BC942}") = "LibeventSocket", "libdevelop\LibeventSocket\LibeventSocket.vcxproj", "{49BF6E29-D31C-4192-B0C2-A8DCCCC403B3}"
EndProject
Project("{8BC9CEB8-8B4A-11D0-8D11-00A0C91BC942}") = "utility_test", "project\utility_test\utility_test.vcxproj", "{D51B08D6-458C-45EA-B4B1-D13E931F8079}"
EndProject
Project("{8BC9CEB8-8B4A-11D0-8D11-00A0C91BC942}") = "base_test", "project\base_test\base_test.vcxproj", "{DE8A9F45-6CEE-4BFC-9C65-0C55935D9A16}"
EndProject
Project("{8BC9CEB8-8B4A-11D0-8D11-00A0C91BC942}") = "quote_dbf", "project\quote_dbf\quote_dbf.vcxproj", "{215140A0-D6B8-4934-850E-96EC78A68EFC}"
EndProject
Global
	GlobalSection(SolutionConfigurationPlatforms) = preSolution
		Debug|Win32 = Debug|Win32
		Debug|x64 = Debug|x64
		Release|Win32 = Release|Win32
		Release|x64 = Release|x64
	EndGlobalSection
	GlobalSection(ProjectConfigurationPlatforms) = postSolution
		{31519246-B270-4510-9FCF-BDA83C01C2BA}.Debug|Win32.ActiveCfg = Debug|Win32
		{31519246-B270-4510-9FCF-BDA83C01C2BA}.Debug|Win32.Build.0 = Debug|Win32
		{31519246-B270-4510-9FCF-BDA83C01C2BA}.Debug|x64.ActiveCfg = Debug|Win32
		{31519246-B270-4510-9FCF-BDA83C01C2BA}.Release|Win32.ActiveCfg = Release|Win32
		{31519246-B270-4510-9FCF-BDA83C01C2BA}.Release|Win32.Build.0 = Release|Win32
		{31519246-B270-4510-9FCF-BDA83C01C2BA}.Release|x64.ActiveCfg = Release|Win32
		{5E23109E-B979-4386-997A-1D0C797F6028}.Debug|Win32.ActiveCfg = Debug|Win32
		{5E23109E-B979-4386-997A-1D0C797F6028}.Debug|Win32.Build.0 = Debug|Win32
		{5E23109E-B979-4386-997A-1D0C797F6028}.Debug|x64.ActiveCfg = Debug|Win32
		{5E23109E-B979-4386-997A-1D0C797F6028}.Release|Win32.ActiveCfg = Release|Win32
		{5E23109E-B979-4386-997A-1D0C797F6028}.Release|Win32.Build.0 = Release|Win32
		{5E23109E-B979-4386-997A-1D0C797F6028}.Release|x64.ActiveCfg = Release|Win32
		{6B987046-5870-40EA-8B2B-C263889ECE14}.Debug|Win32.ActiveCfg = Debug|Win32
		{6B987046-5870-40EA-8B2B-C263889ECE14}.Debug|Win32.Build.0 = Debug|Win32
		{6B987046-5870-40EA-8B2B-C263889ECE14}.Debug|x64.ActiveCfg = Debug|Win32
		{6B987046-5870-40EA-8B2B-C263889ECE14}.Release|Win32.ActiveCfg = Release|Win32
		{6B987046-5870-40EA-8B2B-C263889ECE14}.Release|Win32.Build.0 = Release|Win32
		{6B987046-5870-40EA-8B2B-C263889ECE14}.Release|x64.ActiveCfg = Release|Win32
		{75BDDCEA-B0E1-4A7C-AC0E-748911E15D88}.Debug|Win32.ActiveCfg = Debug|Win32
		{75BDDCEA-B0E1-4A7C-AC0E-748911E15D88}.Debug|Win32.Build.0 = Debug|Win32
		{75BDDCEA-B0E1-4A7C-AC0E-748911E15D88}.Debug|x64.ActiveCfg = Debug|Win32
		{75BDDCEA-B0E1-4A7C-AC0E-748911E15D88}.Release|Win32.ActiveCfg = Release|Win32
		{75BDDCEA-B0E1-4A7C-AC0E-748911E15D88}.Release|Win32.Build.0 = Release|Win32
		{75BDDCEA-B0E1-4A7C-AC0E-748911E15D88}.Release|x64.ActiveCfg = Release|Win32
		{FEBC9FCB-607D-496B-8C69-95D49A1224C0}.Debug|Win32.ActiveCfg = Debug|Win32
		{FEBC9FCB-607D-496B-8C69-95D49A1224C0}.Debug|Win32.Build.0 = Debug|Win32
		{FEBC9FCB-607D-496B-8C69-95D49A1224C0}.Debug|x64.ActiveCfg = Debug|Win32
		{FEBC9FCB-607D-496B-8C69-95D49A1224C0}.Release|Win32.ActiveCfg = Release|Win32
		{FEBC9FCB-607D-496B-8C69-95D49A1224C0}.Release|Win32.Build.0 = Release|Win32
		{FEBC9FCB-607D-496B-8C69-95D49A1224C0}.Release|x64.ActiveCfg = Release|Win32
		{0BD181D0-87CC-4FF1-A143-E0A11E0A2B58}.Debug|Win32.ActiveCfg = Debug|Win32
		{0BD181D0-87CC-4FF1-A143-E0A11E0A2B58}.Debug|Win32.Build.0 = Debug|Win32
		{0BD181D0-87CC-4FF1-A143-E0A11E0A2B58}.Debug|x64.ActiveCfg = Debug|Win32
		{0BD181D0-87CC-4FF1-A143-E0A11E0A2B58}.Release|Win32.ActiveCfg = Release|Win32
		{0BD181D0-87CC-4FF1-A143-E0A11E0A2B58}.Release|Win32.Build.0 = Release|Win32
		{0BD181D0-87CC-4FF1-A143-E0A11E0A2B58}.Release|x64.ActiveCfg = Release|Win32
		{A369C9E2-DF53-467B-93D9-35A7548DC1A9}.Debug|Win32.ActiveCfg = Debug|Win32
		{A369C9E2-DF53-467B-93D9-35A7548DC1A9}.Debug|Win32.Build.0 = Debug|Win32
		{A369C9E2-DF53-467B-93D9-35A7548DC1A9}.Debug|x64.ActiveCfg = Debug|Win32
		{A369C9E2-DF53-467B-93D9-35A7548DC1A9}.Release|Win32.ActiveCfg = Release|Win32
		{A369C9E2-DF53-467B-93D9-35A7548DC1A9}.Release|Win32.Build.0 = Release|Win32
		{A369C9E2-DF53-467B-93D9-35A7548DC1A9}.Release|x64.ActiveCfg = Release|Win32
		{865FA618-6C51-4117-AFD5-BF731110698F}.Debug|Win32.ActiveCfg = Debug|Win32
		{865FA618-6C51-4117-AFD5-BF731110698F}.Debug|Win32.Build.0 = Debug|Win32
		{865FA618-6C51-4117-AFD5-BF731110698F}.Debug|x64.ActiveCfg = Debug|Win32
		{865FA618-6C51-4117-AFD5-BF731110698F}.Release|Win32.ActiveCfg = Release|Win32
		{865FA618-6C51-4117-AFD5-BF731110698F}.Release|Win32.Build.0 = Release|Win32
		{865FA618-6C51-4117-AFD5-BF731110698F}.Release|x64.ActiveCfg = Release|Win32
		{11C0A099-554D-4070-A1E5-A2B4B09E1397}.Debug|Win32.ActiveCfg = Debug|Win32
		{11C0A099-554D-4070-A1E5-A2B4B09E1397}.Debug|Win32.Build.0 = Debug|Win32
		{11C0A099-554D-4070-A1E5-A2B4B09E1397}.Debug|x64.ActiveCfg = Debug|Win32
		{11C0A099-554D-4070-A1E5-A2B4B09E1397}.Release|Win32.ActiveCfg = Release|Win32
		{11C0A099-554D-4070-A1E5-A2B4B09E1397}.Release|Win32.Build.0 = Release|Win32
		{11C0A099-554D-4070-A1E5-A2B4B09E1397}.Release|x64.ActiveCfg = Release|Win32
		{AAFE5A50-31BE-4353-97D2-706F797B62A1}.Debug|Win32.ActiveCfg = Debug|Win32
		{AAFE5A50-31BE-4353-97D2-706F797B62A1}.Debug|Win32.Build.0 = Debug|Win32
		{AAFE5A50-31BE-4353-97D2-706F797B62A1}.Debug|x64.ActiveCfg = Debug|x64
		{AAFE5A50-31BE-4353-97D2-706F797B62A1}.Debug|x64.Build.0 = Debug|x64
		{AAFE5A50-31BE-4353-97D2-706F797B62A1}.Release|Win32.ActiveCfg = Release|Win32
		{AAFE5A50-31BE-4353-97D2-706F797B62A1}.Release|Win32.Build.0 = Release|Win32
		{AAFE5A50-31BE-4353-97D2-706F797B62A1}.Release|x64.ActiveCfg = Release|x64
		{AAFE5A50-31BE-4353-97D2-706F797B62A1}.Release|x64.Build.0 = Release|x64
		{C98DF7B8-C484-4B95-AAC1-1B8B3B954D52}.Debug|Win32.ActiveCfg = Debug|Win32
		{C98DF7B8-C484-4B95-AAC1-1B8B3B954D52}.Debug|Win32.Build.0 = Debug|Win32
		{C98DF7B8-C484-4B95-AAC1-1B8B3B954D52}.Debug|x64.ActiveCfg = Debug|Win32
		{C98DF7B8-C484-4B95-AAC1-1B8B3B954D52}.Release|Win32.ActiveCfg = Release|Win32
		{C98DF7B8-C484-4B95-AAC1-1B8B3B954D52}.Release|Win32.Build.0 = Release|Win32
		{C98DF7B8-C484-4B95-AAC1-1B8B3B954D52}.Release|x64.ActiveCfg = Release|Win32
		{5E1CC169-9F4E-457F-AC55-226DC4F63F3F}.Debug|Win32.ActiveCfg = Debug|Win32
		{5E1CC169-9F4E-457F-AC55-226DC4F63F3F}.Debug|Win32.Build.0 = Debug|Win32
		{5E1CC169-9F4E-457F-AC55-226DC4F63F3F}.Debug|x64.ActiveCfg = Debug|Win32
		{5E1CC169-9F4E-457F-AC55-226DC4F63F3F}.Release|Win32.ActiveCfg = Release|Win32
		{5E1CC169-9F4E-457F-AC55-226DC4F63F3F}.Release|Win32.Build.0 = Release|Win32
		{5E1CC169-9F4E-457F-AC55-226DC4F63F3F}.Release|x64.ActiveCfg = Release|Win32
		{F78C99DC-BD06-4416-BFB6-5044194E59EA}.Debug|Win32.ActiveCfg = Debug|Win32
		{F78C99DC-BD06-4416-BFB6-5044194E59EA}.Debug|Win32.Build.0 = Debug|Win32
		{F78C99DC-BD06-4416-BFB6-5044194E59EA}.Debug|x64.ActiveCfg = Debug|Win32
		{F78C99DC-BD06-4416-BFB6-5044194E59EA}.Release|Win32.ActiveCfg = Release|Win32
		{F78C99DC-BD06-4416-BFB6-5044194E59EA}.Release|Win32.Build.0 = Release|Win32
		{F78C99DC-BD06-4416-BFB6-5044194E59EA}.Release|x64.ActiveCfg = Release|Win32
		{BD03E589-1CE7-4F59-99AE-F6676A4D4BD6}.Debug|Win32.ActiveCfg = Debug|Win32
		{BD03E589-1CE7-4F59-99AE-F6676A4D4BD6}.Debug|Win32.Build.0 = Debug|Win32
		{BD03E589-1CE7-4F59-99AE-F6676A4D4BD6}.Debug|x64.ActiveCfg = Debug|Win32
		{BD03E589-1CE7-4F59-99AE-F6676A4D4BD6}.Release|Win32.ActiveCfg = Release|Win32
		{BD03E589-1CE7-4F59-99AE-F6676A4D4BD6}.Release|Win32.Build.0 = Release|Win32
		{BD03E589-1CE7-4F59-99AE-F6676A4D4BD6}.Release|x64.ActiveCfg = Release|Win32
		{1C972BAA-673A-401A-8581-A8EFA697DE65}.Debug|Win32.ActiveCfg = Debug|Win32
		{1C972BAA-673A-401A-8581-A8EFA697DE65}.Debug|Win32.Build.0 = Debug|Win32
		{1C972BAA-673A-401A-8581-A8EFA697DE65}.Debug|x64.ActiveCfg = Debug|Win32
		{1C972BAA-673A-401A-8581-A8EFA697DE65}.Release|Win32.ActiveCfg = Release|Win32
		{1C972BAA-673A-401A-8581-A8EFA697DE65}.Release|Win32.Build.0 = Release|Win32
		{1C972BAA-673A-401A-8581-A8EFA697DE65}.Release|x64.ActiveCfg = Release|Win32
		{0BD04725-9151-4F07-87ED-11958F2D7DB4}.Debug|Win32.ActiveCfg = Debug|Win32
		{0BD04725-9151-4F07-87ED-11958F2D7DB4}.Debug|Win32.Build.0 = Debug|Win32
		{0BD04725-9151-4F07-87ED-11958F2D7DB4}.Debug|x64.ActiveCfg = Debug|Win32
		{0BD04725-9151-4F07-87ED-11958F2D7DB4}.Release|Win32.ActiveCfg = Release|Win32
		{0BD04725-9151-4F07-87ED-11958F2D7DB4}.Release|Win32.Build.0 = Release|Win32
		{0BD04725-9151-4F07-87ED-11958F2D7DB4}.Release|x64.ActiveCfg = Release|Win32
		{AAFD21FC-DB8D-4466-BAFB-B7F601AB907F}.Debug|Win32.ActiveCfg = Debug|Win32
		{AAFD21FC-DB8D-4466-BAFB-B7F601AB907F}.Debug|Win32.Build.0 = Debug|Win32
		{AAFD21FC-DB8D-4466-BAFB-B7F601AB907F}.Debug|x64.ActiveCfg = Debug|Win32
		{AAFD21FC-DB8D-4466-BAFB-B7F601AB907F}.Release|Win32.ActiveCfg = Release|Win32
		{AAFD21FC-DB8D-4466-BAFB-B7F601AB907F}.Release|Win32.Build.0 = Release|Win32
		{AAFD21FC-DB8D-4466-BAFB-B7F601AB907F}.Release|x64.ActiveCfg = Release|Win32
		{32A2380C-DAE2-4355-8951-7B2225CD5C04}.Debug|Win32.ActiveCfg = Debug|Win32
		{32A2380C-DAE2-4355-8951-7B2225CD5C04}.Debug|Win32.Build.0 = Debug|Win32
		{32A2380C-DAE2-4355-8951-7B2225CD5C04}.Debug|x64.ActiveCfg = Debug|Win32
		{32A2380C-DAE2-4355-8951-7B2225CD5C04}.Release|Win32.ActiveCfg = Release|Win32
		{32A2380C-DAE2-4355-8951-7B2225CD5C04}.Release|Win32.Build.0 = Release|Win32
		{32A2380C-DAE2-4355-8951-7B2225CD5C04}.Release|x64.ActiveCfg = Release|Win32
		{49BF6E29-D31C-4192-B0C2-A8DCCCC403B3}.Debug|Win32.ActiveCfg = Debug|Win32
		{49BF6E29-D31C-4192-B0C2-A8DCCCC403B3}.Debug|Win32.Build.0 = Debug|Win32
		{49BF6E29-D31C-4192-B0C2-A8DCCCC403B3}.Debug|x64.ActiveCfg = Debug|Win32
		{49BF6E29-D31C-4192-B0C2-A8DCCCC403B3}.Release|Win32.ActiveCfg = Release|Win32
		{49BF6E29-D31C-4192-B0C2-A8DCCCC403B3}.Release|Win32.Build.0 = Release|Win32
		{49BF6E29-D31C-4192-B0C2-A8DCCCC403B3}.Release|x64.ActiveCfg = Release|Win32
		{D51B08D6-458C-45EA-B4B1-D13E931F8079}.Debug|Win32.ActiveCfg = Debug|Win32
		{D51B08D6-458C-45EA-B4B1-D13E931F8079}.Debug|Win32.Build.0 = Debug|Win32
		{D51B08D6-458C-45EA-B4B1-D13E931F8079}.Debug|x64.ActiveCfg = Debug|Win32
		{D51B08D6-458C-45EA-B4B1-D13E931F8079}.Release|Win32.ActiveCfg = Release|Win32
		{D51B08D6-458C-45EA-B4B1-D13E931F8079}.Release|Win32.Build.0 = Release|Win32
		{D51B08D6-458C-45EA-B4B1-D13E931F8079}.Release|x64.ActiveCfg = Release|Win32
		{DE8A9F45-6CEE-4BFC-9C65-0C55935D9A16}.Debug|Win32.ActiveCfg = Debug|Win32
		{DE8A9F45-6CEE-4BFC-9C65-0C55935D9A16}.Debug|Win32.Build.0 = Debug|Win32
		{DE8A9F45-6CEE-4BFC-9C65-0C55935D9A16}.Debug|x64.ActiveCfg = Debug|Win32
		{DE8A9F45-6CEE-4BFC-9C65-0C55935D9A16}.Release|Win32.ActiveCfg = Release|Win32
		{DE8A9F45-6CEE-4BFC-9C65-0C55935D9A16}.Release|Win32.Build.0 = Release|Win32
		{DE8A9F45-6CEE-4BFC-9C65-0C55935D9A16}.Release|x64.ActiveCfg = Release|Win32
		{215140A0-D6B8-4934-850E-96EC78A68EFC}.Debug|Win32.ActiveCfg = Debug|Win32
		{215140A0-D6B8-4934-850E-96EC78A68EFC}.Debug|Win32.Build.0 = Debug|Win32
		{215140A0-D6B8-4934-850E-96EC78A68EFC}.Debug|x64.ActiveCfg = Debug|Win32
		{215140A0-D6B8-4934-850E-96EC78A68EFC}.Release|Win32.ActiveCfg = Release|Win32
		{215140A0-D6B8-4934-850E-96EC78A68EFC}.Release|Win32.Build.0 = Release|Win32
		{215140A0-D6B8-4934-850E-96EC78A68EFC}.Release|x64.ActiveCfg = Release|Win32
	EndGlobalSection
	GlobalSection(SolutionProperties) = preSolution
		HideSolutionNode = FALSE
	EndGlobalSection
	GlobalSection(NestedProjects) = preSolution
		{6B987046-5870-40EA-8B2B-C263889ECE14} = {9F814A90-12B5-416A-843A-29EEC691333E}
		{75BDDCEA-B0E1-4A7C-AC0E-748911E15D88} = {9F814A90-12B5-416A-843A-29EEC691333E}
		{FEBC9FCB-607D-496B-8C69-95D49A1224C0} = {9F814A90-12B5-416A-843A-29EEC691333E}
		{0BD181D0-87CC-4FF1-A143-E0A11E0A2B58} = {9F814A90-12B5-416A-843A-29EEC691333E}
		{5E1CC169-9F4E-457F-AC55-226DC4F63F3F} = {9F814A90-12B5-416A-843A-29EEC691333E}
		{F78C99DC-BD06-4416-BFB6-5044194E59EA} = {9F814A90-12B5-416A-843A-29EEC691333E}
		{1C972BAA-673A-401A-8581-A8EFA697DE65} = {9F814A90-12B5-416A-843A-29EEC691333E}
		{D51B08D6-458C-45EA-B4B1-D13E931F8079} = {9F814A90-12B5-416A-843A-29EEC691333E}
		{DE8A9F45-6CEE-4BFC-9C65-0C55935D9A16} = {9F814A90-12B5-416A-843A-29EEC691333E}
	EndGlobalSection
EndGlobal
